
Microsoft Visual Studio Solution File, Format Version 12.00
# Visual Studio Version 16
VisualStudioVersion = 16.0.31605.320
MinimumVisualStudioVersion = 10.0.40219.1
Project("{9A19103F-16F7-4668-BE54-9A1E7A4F7556}") = "AppCore", "AppCore\AppCore.csproj", "{4E652011-3CD2-4FDD-8462-231B6EB4A806}"
EndProject
Project("{9A19103F-16F7-4668-BE54-9A1E7A4F7556}") = "Hospital.DAL", "Hospital.DAL\Hospital.DAL.csproj", "{4717E2DC-79EE-4635-9FE4-96579AEEE779}"
EndProject
Project("{9A19103F-16F7-4668-BE54-9A1E7A4F7556}") = "Hospital.Business", "Hospital.Business\Hospital.Business.csproj", "{B3074ADF-D858-47C9-8521-BC28D1403A13}"
EndProject
Project("{FAE04EC0-301F-11D3-BF4B-00C04F79EFBC}") = "Hospital.WebAPI", "Hospital.WebAPI\Hospital.WebAPI.csproj", "{AECC9724-A79D-4423-AAB1-908D86FEA4E7}"
EndProject
Global
	GlobalSection(SolutionConfigurationPlatforms) = preSolution
		Debug|Any CPU = Debug|Any CPU
		Release|Any CPU = Release|Any CPU
	EndGlobalSection
	GlobalSection(ProjectConfigurationPlatforms) = postSolution
		{4E652011-3CD2-4FDD-8462-231B6EB4A806}.Debug|Any CPU.ActiveCfg = Debug|Any CPU
		{4E652011-3CD2-4FDD-8462-231B6EB4A806}.Debug|Any CPU.Build.0 = Debug|Any CPU
		{4E652011-3CD2-4FDD-8462-231B6EB4A806}.Release|Any CPU.ActiveCfg = Release|Any CPU
		{4E652011-3CD2-4FDD-8462-231B6EB4A806}.Release|Any CPU.Build.0 = Release|Any CPU
		{4717E2DC-79EE-4635-9FE4-96579AEEE779}.Debug|Any CPU.ActiveCfg = Debug|Any CPU
		{4717E2DC-79EE-4635-9FE4-96579AEEE779}.Debug|Any CPU.Build.0 = Debug|Any CPU
		{4717E2DC-79EE-4635-9FE4-96579AEEE779}.Release|Any CPU.ActiveCfg = Release|Any CPU
		{4717E2DC-79EE-4635-9FE4-96579AEEE779}.Release|Any CPU.Build.0 = Release|Any CPU
		{B3074ADF-D858-47C9-8521-BC28D1403A13}.Debug|Any CPU.ActiveCfg = Debug|Any CPU
		{B3074ADF-D858-47C9-8521-BC28D1403A13}.Debug|Any CPU.Build.0 = Debug|Any CPU
		{B3074ADF-D858-47C9-8521-BC28D1403A13}.Release|Any CPU.ActiveCfg = Release|Any CPU
		{B3074ADF-D858-47C9-8521-BC28D1403A13}.Release|Any CPU.Build.0 = Release|Any CPU
		{AECC9724-A79D-4423-AAB1-908D86FEA4E7}.Debug|Any CPU.ActiveCfg = Debug|Any CPU
		{AECC9724-A79D-4423-AAB1-908D86FEA4E7}.Debug|Any CPU.Build.0 = Debug|Any CPU
		{AECC9724-A79D-4423-AAB1-908D86FEA4E7}.Release|Any CPU.ActiveCfg = Release|Any CPU
		{AECC9724-A79D-4423-AAB1-908D86FEA4E7}.Release|Any CPU.Build.0 = Release|Any CPU
	EndGlobalSection
	GlobalSection(SolutionProperties) = preSolution
		HideSolutionNode = FALSE
	EndGlobalSection
	GlobalSection(ExtensibilityGlobals) = postSolution
		SolutionGuid = {D77B91A8-50F1-4371-8502-C43801589397}
	EndGlobalSection
EndGlobal
